
Microsoft Visual Studio Solution File, Format Version 12.00
# Visual Studio 14
VisualStudioVersion = 14.0.25420.1
MinimumVisualStudioVersion = 10.0.40219.1
Project("{FAE04EC0-301F-11D3-BF4B-00C04F79EFBC}") = "Plugin.CrossFormattedText", "Source\Plugin.CrossFormattedText\Plugin.CrossFormattedText.csproj", "{A6FCEF44-D2BA-42C7-B3CB-13667BCD7B54}"
EndProject
Project("{FAE04EC0-301F-11D3-BF4B-00C04F79EFBC}") = "Plugin.CrossFormattedText.Abstractions", "Source\Plugin.CrossFormattedText.Abstractions\Plugin.CrossFormattedText.Abstractions.csproj", "{6EDB0588-FFC5-4EF5-8A99-9E241D0F878D}"
EndProject
Project("{FAE04EC0-301F-11D3-BF4B-00C04F79EFBC}") = "Plugin.CrossFormattedText.iOS", "Source\Plugin.CrossFormattedText.iOS\Plugin.CrossFormattedText.iOS.csproj", "{2882AEEB-D4CD-4EB9-8A6C-6653B33681F0}"
EndProject
Project("{FAE04EC0-301F-11D3-BF4B-00C04F79EFBC}") = "Plugin.CrossFormattedText.Android", "Source\Plugin.CrossFormattedText.Android\Plugin.CrossFormattedText.Android.csproj", "{56A56F17-7DE1-4CA1-9617-BF32E971AC84}"
EndProject
Project("{FAE04EC0-301F-11D3-BF4B-00C04F79EFBC}") = "Plugin.CrossFormattedText.WindowsPhone8", "Source\Plugin.CrossFormattedText.WindowsPhone8\Plugin.CrossFormattedText.WindowsPhone8.csproj", "{5876144B-47DD-4C4E-B421-BC03F191B996}"
EndProject
Project("{FAE04EC0-301F-11D3-BF4B-00C04F79EFBC}") = "Plugin.CrossFormattedText.WindowsPhone81", "Source\Plugin.CrossFormattedText.WindowsPhone81\Plugin.CrossFormattedText.WindowsPhone81.csproj", "{7169373F-0B82-4E5D-9129-7CC3065B90FA}"
EndProject
Project("{FAE04EC0-301F-11D3-BF4B-00C04F79EFBC}") = "Plugin.CrossFormattedText.WindowsStore", "Source\Plugin.CrossFormattedText.WindowsStore\Plugin.CrossFormattedText.WindowsStore.csproj", "{ED9A4CA1-C04C-457D-9A2E-7995CCF12356}"
EndProject
Project("{FAE04EC0-301F-11D3-BF4B-00C04F79EFBC}") = "Plugin.CrossFormattedText.UWP", "Source\Plugin.CrossFormattedText.UWP\Plugin.CrossFormattedText.UWP.csproj", "{E34B516D-C0D8-450F-9DB0-BB6A5B04AEF1}"
EndProject
Project("{2150E333-8FDC-42A3-9474-1A3956D46DE8}") = "Solution Items", "Solution Items", "{367A1B76-919B-4E25-98BD-6088F4C672EF}"
	ProjectSection(SolutionItems) = preProject
		CrossFormattedText.Plugin.nuspec = CrossFormattedText.Plugin.nuspec
		LICENSE.txt = LICENSE.txt
		README.md = README.md
	EndProjectSection
EndProject
Project("{FAE04EC0-301F-11D3-BF4B-00C04F79EFBC}") = "Sample.CrossFormattedText", "Sample\Sample.CrossFormattedText\Sample.CrossFormattedText.csproj", "{78D097D1-7582-4490-A305-F7039F4E152D}"
EndProject
Project("{FAE04EC0-301F-11D3-BF4B-00C04F79EFBC}") = "Sample.CrossFormattedText.Android", "Sample\Sample.CrossFormattedText.Android\Sample.CrossFormattedText.Android.csproj", "{982B3B78-5336-46F0-97CD-5C641CD31850}"
EndProject
Project("{FAE04EC0-301F-11D3-BF4B-00C04F79EFBC}") = "Sample.CrossFormattedText.UWP", "Sample\Sample.CrossFormattedText.UWP\Sample.CrossFormattedText.UWP.csproj", "{6C40A833-0D86-4D3A-AA46-E1FC021D182F}"
EndProject
Project("{FAE04EC0-301F-11D3-BF4B-00C04F79EFBC}") = "Test.CrossFormattedText.Android", "Test\Test.CrossFormattedText.Android\Test.CrossFormattedText.Android.csproj", "{1D451BA7-3143-489D-9724-8A296022BEEA}"
EndProject
Project("{FAE04EC0-301F-11D3-BF4B-00C04F79EFBC}") = "Test.CrossFormattedText", "Test\Test.CrossFormattedText\Test.CrossFormattedText.csproj", "{EAABD6BB-F7C5-49A1-BB4B-E3CA45151A18}"
EndProject
Project("{FAE04EC0-301F-11D3-BF4B-00C04F79EFBC}") = "Test.CrossFormattedText.UWP", "Test\Test.CrossFormattedText.UWP\Test.CrossFormattedText.UWP.csproj", "{2C18EF9D-B613-420F-BBEB-E87CE24FECC1}"
EndProject
Project("{FAE04EC0-301F-11D3-BF4B-00C04F79EFBC}") = "Sample.CrossFormattedText.WindowsPhone8", "Sample\Sample.CrossFormattedText.WindowsPhone8\Sample.CrossFormattedText.WindowsPhone8.csproj", "{8F67F01F-02A8-41A9-BF57-F2A31A4A5CDD}"
EndProject
Project("{FAE04EC0-301F-11D3-BF4B-00C04F79EFBC}") = "Test.CrossFormattedText.WindowsPhone8", "Test\Test.CrossFormattedText.WindowsPhone8\Test.CrossFormattedText.WindowsPhone8.csproj", "{1FF51B0C-8FAB-4D71-9271-AF60DA652936}"
EndProject
Project("{FAE04EC0-301F-11D3-BF4B-00C04F79EFBC}") = "Sample.CrossFormattedText.WindowsPhone81", "Sample\Sample.CrossFormattedText.WindowsPhone81\Sample.CrossFormattedText.WindowsPhone81.csproj", "{2172A35E-5B69-47C5-8783-3EF6EF0E26A0}"
EndProject
Project("{FAE04EC0-301F-11D3-BF4B-00C04F79EFBC}") = "Test.CrossFormattedText.WindowsPhone81", "Test\Test.CrossFormattedText.WindowsPhone81\Test.CrossFormattedText.WindowsPhone81.csproj", "{ABA18EA6-7418-4FAC-9DE6-B3DBCCABC6EF}"
EndProject
Global
	GlobalSection(SolutionConfigurationPlatforms) = preSolution
		Debug|Any CPU = Debug|Any CPU
		Debug|ARM = Debug|ARM
		Debug|x64 = Debug|x64
		Debug|x86 = Debug|x86
		Release|Any CPU = Release|Any CPU
		Release|ARM = Release|ARM
		Release|x64 = Release|x64
		Release|x86 = Release|x86
	EndGlobalSection
	GlobalSection(ProjectConfigurationPlatforms) = postSolution
		{A6FCEF44-D2BA-42C7-B3CB-13667BCD7B54}.Debug|Any CPU.ActiveCfg = Debug|Any CPU
		{A6FCEF44-D2BA-42C7-B3CB-13667BCD7B54}.Debug|Any CPU.Build.0 = Debug|Any CPU
		{A6FCEF44-D2BA-42C7-B3CB-13667BCD7B54}.Debug|ARM.ActiveCfg = Debug|Any CPU
		{A6FCEF44-D2BA-42C7-B3CB-13667BCD7B54}.Debug|ARM.Build.0 = Debug|Any CPU
		{A6FCEF44-D2BA-42C7-B3CB-13667BCD7B54}.Debug|x64.ActiveCfg = Debug|Any CPU
		{A6FCEF44-D2BA-42C7-B3CB-13667BCD7B54}.Debug|x64.Build.0 = Debug|Any CPU
		{A6FCEF44-D2BA-42C7-B3CB-13667BCD7B54}.Debug|x86.ActiveCfg = Debug|Any CPU
		{A6FCEF44-D2BA-42C7-B3CB-13667BCD7B54}.Debug|x86.Build.0 = Debug|Any CPU
		{A6FCEF44-D2BA-42C7-B3CB-13667BCD7B54}.Release|Any CPU.ActiveCfg = Release|Any CPU
		{A6FCEF44-D2BA-42C7-B3CB-13667BCD7B54}.Release|Any CPU.Build.0 = Release|Any CPU
		{A6FCEF44-D2BA-42C7-B3CB-13667BCD7B54}.Release|ARM.ActiveCfg = Release|Any CPU
		{A6FCEF44-D2BA-42C7-B3CB-13667BCD7B54}.Release|ARM.Build.0 = Release|Any CPU
		{A6FCEF44-D2BA-42C7-B3CB-13667BCD7B54}.Release|x64.ActiveCfg = Release|Any CPU
		{A6FCEF44-D2BA-42C7-B3CB-13667BCD7B54}.Release|x64.Build.0 = Release|Any CPU
		{A6FCEF44-D2BA-42C7-B3CB-13667BCD7B54}.Release|x86.ActiveCfg = Release|Any CPU
		{A6FCEF44-D2BA-42C7-B3CB-13667BCD7B54}.Release|x86.Build.0 = Release|Any CPU
		{6EDB0588-FFC5-4EF5-8A99-9E241D0F878D}.Debug|Any CPU.ActiveCfg = Debug|Any CPU
		{6EDB0588-FFC5-4EF5-8A99-9E241D0F878D}.Debug|Any CPU.Build.0 = Debug|Any CPU
		{6EDB0588-FFC5-4EF5-8A99-9E241D0F878D}.Debug|ARM.ActiveCfg = Debug|Any CPU
		{6EDB0588-FFC5-4EF5-8A99-9E241D0F878D}.Debug|ARM.Build.0 = Debug|Any CPU
		{6EDB0588-FFC5-4EF5-8A99-9E241D0F878D}.Debug|x64.ActiveCfg = Debug|Any CPU
		{6EDB0588-FFC5-4EF5-8A99-9E241D0F878D}.Debug|x64.Build.0 = Debug|Any CPU
		{6EDB0588-FFC5-4EF5-8A99-9E241D0F878D}.Debug|x86.ActiveCfg = Debug|Any CPU
		{6EDB0588-FFC5-4EF5-8A99-9E241D0F878D}.Debug|x86.Build.0 = Debug|Any CPU
		{6EDB0588-FFC5-4EF5-8A99-9E241D0F878D}.Release|Any CPU.ActiveCfg = Release|Any CPU
		{6EDB0588-FFC5-4EF5-8A99-9E241D0F878D}.Release|Any CPU.Build.0 = Release|Any CPU
		{6EDB0588-FFC5-4EF5-8A99-9E241D0F878D}.Release|ARM.ActiveCfg = Release|Any CPU
		{6EDB0588-FFC5-4EF5-8A99-9E241D0F878D}.Release|ARM.Build.0 = Release|Any CPU
		{6EDB0588-FFC5-4EF5-8A99-9E241D0F878D}.Release|x64.ActiveCfg = Release|Any CPU
		{6EDB0588-FFC5-4EF5-8A99-9E241D0F878D}.Release|x64.Build.0 = Release|Any CPU
		{6EDB0588-FFC5-4EF5-8A99-9E241D0F878D}.Release|x86.ActiveCfg = Release|Any CPU
		{6EDB0588-FFC5-4EF5-8A99-9E241D0F878D}.Release|x86.Build.0 = Release|Any CPU
		{2882AEEB-D4CD-4EB9-8A6C-6653B33681F0}.Debug|Any CPU.ActiveCfg = Debug|Any CPU
		{2882AEEB-D4CD-4EB9-8A6C-6653B33681F0}.Debug|Any CPU.Build.0 = Debug|Any CPU
		{2882AEEB-D4CD-4EB9-8A6C-6653B33681F0}.Debug|ARM.ActiveCfg = Debug|Any CPU
		{2882AEEB-D4CD-4EB9-8A6C-6653B33681F0}.Debug|ARM.Build.0 = Debug|Any CPU
		{2882AEEB-D4CD-4EB9-8A6C-6653B33681F0}.Debug|x64.ActiveCfg = Debug|Any CPU
		{2882AEEB-D4CD-4EB9-8A6C-6653B33681F0}.Debug|x64.Build.0 = Debug|Any CPU
		{2882AEEB-D4CD-4EB9-8A6C-6653B33681F0}.Debug|x86.ActiveCfg = Debug|Any CPU
		{2882AEEB-D4CD-4EB9-8A6C-6653B33681F0}.Debug|x86.Build.0 = Debug|Any CPU
		{2882AEEB-D4CD-4EB9-8A6C-6653B33681F0}.Release|Any CPU.ActiveCfg = Release|Any CPU
		{2882AEEB-D4CD-4EB9-8A6C-6653B33681F0}.Release|Any CPU.Build.0 = Release|Any CPU
		{2882AEEB-D4CD-4EB9-8A6C-6653B33681F0}.Release|ARM.ActiveCfg = Release|Any CPU
		{2882AEEB-D4CD-4EB9-8A6C-6653B33681F0}.Release|ARM.Build.0 = Release|Any CPU
		{2882AEEB-D4CD-4EB9-8A6C-6653B33681F0}.Release|x64.ActiveCfg = Release|Any CPU
		{2882AEEB-D4CD-4EB9-8A6C-6653B33681F0}.Release|x64.Build.0 = Release|Any CPU
		{2882AEEB-D4CD-4EB9-8A6C-6653B33681F0}.Release|x86.ActiveCfg = Release|Any CPU
		{2882AEEB-D4CD-4EB9-8A6C-6653B33681F0}.Release|x86.Build.0 = Release|Any CPU
		{56A56F17-7DE1-4CA1-9617-BF32E971AC84}.Debug|Any CPU.ActiveCfg = Debug|Any CPU
		{56A56F17-7DE1-4CA1-9617-BF32E971AC84}.Debug|Any CPU.Build.0 = Debug|Any CPU
		{56A56F17-7DE1-4CA1-9617-BF32E971AC84}.Debug|ARM.ActiveCfg = Debug|Any CPU
		{56A56F17-7DE1-4CA1-9617-BF32E971AC84}.Debug|ARM.Build.0 = Debug|Any CPU
		{56A56F17-7DE1-4CA1-9617-BF32E971AC84}.Debug|x64.ActiveCfg = Debug|Any CPU
		{56A56F17-7DE1-4CA1-9617-BF32E971AC84}.Debug|x64.Build.0 = Debug|Any CPU
		{56A56F17-7DE1-4CA1-9617-BF32E971AC84}.Debug|x86.ActiveCfg = Debug|Any CPU
		{56A56F17-7DE1-4CA1-9617-BF32E971AC84}.Debug|x86.Build.0 = Debug|Any CPU
		{56A56F17-7DE1-4CA1-9617-BF32E971AC84}.Release|Any CPU.ActiveCfg = Release|Any CPU
		{56A56F17-7DE1-4CA1-9617-BF32E971AC84}.Release|Any CPU.Build.0 = Release|Any CPU
		{56A56F17-7DE1-4CA1-9617-BF32E971AC84}.Release|ARM.ActiveCfg = Release|Any CPU
		{56A56F17-7DE1-4CA1-9617-BF32E971AC84}.Release|ARM.Build.0 = Release|Any CPU
		{56A56F17-7DE1-4CA1-9617-BF32E971AC84}.Release|x64.ActiveCfg = Release|Any CPU
		{56A56F17-7DE1-4CA1-9617-BF32E971AC84}.Release|x64.Build.0 = Release|Any CPU
		{56A56F17-7DE1-4CA1-9617-BF32E971AC84}.Release|x86.ActiveCfg = Release|Any CPU
		{56A56F17-7DE1-4CA1-9617-BF32E971AC84}.Release|x86.Build.0 = Release|Any CPU
		{5876144B-47DD-4C4E-B421-BC03F191B996}.Debug|Any CPU.ActiveCfg = Debug|Any CPU
		{5876144B-47DD-4C4E-B421-BC03F191B996}.Debug|Any CPU.Build.0 = Debug|Any CPU
		{5876144B-47DD-4C4E-B421-BC03F191B996}.Debug|ARM.ActiveCfg = Debug|ARM
		{5876144B-47DD-4C4E-B421-BC03F191B996}.Debug|ARM.Build.0 = Debug|ARM
		{5876144B-47DD-4C4E-B421-BC03F191B996}.Debug|x64.ActiveCfg = Debug|Any CPU
		{5876144B-47DD-4C4E-B421-BC03F191B996}.Debug|x64.Build.0 = Debug|Any CPU
		{5876144B-47DD-4C4E-B421-BC03F191B996}.Debug|x86.ActiveCfg = Debug|x86
		{5876144B-47DD-4C4E-B421-BC03F191B996}.Debug|x86.Build.0 = Debug|x86
		{5876144B-47DD-4C4E-B421-BC03F191B996}.Release|Any CPU.ActiveCfg = Release|Any CPU
		{5876144B-47DD-4C4E-B421-BC03F191B996}.Release|Any CPU.Build.0 = Release|Any CPU
		{5876144B-47DD-4C4E-B421-BC03F191B996}.Release|ARM.ActiveCfg = Release|ARM
		{5876144B-47DD-4C4E-B421-BC03F191B996}.Release|ARM.Build.0 = Release|ARM
		{5876144B-47DD-4C4E-B421-BC03F191B996}.Release|x64.ActiveCfg = Release|Any CPU
		{5876144B-47DD-4C4E-B421-BC03F191B996}.Release|x64.Build.0 = Release|Any CPU
		{5876144B-47DD-4C4E-B421-BC03F191B996}.Release|x86.ActiveCfg = Release|x86
		{5876144B-47DD-4C4E-B421-BC03F191B996}.Release|x86.Build.0 = Release|x86
		{7169373F-0B82-4E5D-9129-7CC3065B90FA}.Debug|Any CPU.ActiveCfg = Debug|Any CPU
		{7169373F-0B82-4E5D-9129-7CC3065B90FA}.Debug|Any CPU.Build.0 = Debug|Any CPU
		{7169373F-0B82-4E5D-9129-7CC3065B90FA}.Debug|ARM.ActiveCfg = Debug|ARM
		{7169373F-0B82-4E5D-9129-7CC3065B90FA}.Debug|ARM.Build.0 = Debug|ARM
		{7169373F-0B82-4E5D-9129-7CC3065B90FA}.Debug|x64.ActiveCfg = Debug|Any CPU
		{7169373F-0B82-4E5D-9129-7CC3065B90FA}.Debug|x64.Build.0 = Debug|Any CPU
		{7169373F-0B82-4E5D-9129-7CC3065B90FA}.Debug|x86.ActiveCfg = Debug|x86
		{7169373F-0B82-4E5D-9129-7CC3065B90FA}.Debug|x86.Build.0 = Debug|x86
		{7169373F-0B82-4E5D-9129-7CC3065B90FA}.Release|Any CPU.ActiveCfg = Release|Any CPU
		{7169373F-0B82-4E5D-9129-7CC3065B90FA}.Release|Any CPU.Build.0 = Release|Any CPU
		{7169373F-0B82-4E5D-9129-7CC3065B90FA}.Release|ARM.ActiveCfg = Release|ARM
		{7169373F-0B82-4E5D-9129-7CC3065B90FA}.Release|ARM.Build.0 = Release|ARM
		{7169373F-0B82-4E5D-9129-7CC3065B90FA}.Release|x64.ActiveCfg = Release|Any CPU
		{7169373F-0B82-4E5D-9129-7CC3065B90FA}.Release|x64.Build.0 = Release|Any CPU
		{7169373F-0B82-4E5D-9129-7CC3065B90FA}.Release|x86.ActiveCfg = Release|x86
		{7169373F-0B82-4E5D-9129-7CC3065B90FA}.Release|x86.Build.0 = Release|x86
		{ED9A4CA1-C04C-457D-9A2E-7995CCF12356}.Debug|Any CPU.ActiveCfg = Debug|Any CPU
		{ED9A4CA1-C04C-457D-9A2E-7995CCF12356}.Debug|Any CPU.Build.0 = Debug|Any CPU
		{ED9A4CA1-C04C-457D-9A2E-7995CCF12356}.Debug|ARM.ActiveCfg = Debug|ARM
		{ED9A4CA1-C04C-457D-9A2E-7995CCF12356}.Debug|ARM.Build.0 = Debug|ARM
		{ED9A4CA1-C04C-457D-9A2E-7995CCF12356}.Debug|x64.ActiveCfg = Debug|x64
		{ED9A4CA1-C04C-457D-9A2E-7995CCF12356}.Debug|x64.Build.0 = Debug|x64
		{ED9A4CA1-C04C-457D-9A2E-7995CCF12356}.Debug|x86.ActiveCfg = Debug|x86
		{ED9A4CA1-C04C-457D-9A2E-7995CCF12356}.Debug|x86.Build.0 = Debug|x86
		{ED9A4CA1-C04C-457D-9A2E-7995CCF12356}.Release|Any CPU.ActiveCfg = Release|Any CPU
		{ED9A4CA1-C04C-457D-9A2E-7995CCF12356}.Release|Any CPU.Build.0 = Release|Any CPU
		{ED9A4CA1-C04C-457D-9A2E-7995CCF12356}.Release|ARM.ActiveCfg = Release|ARM
		{ED9A4CA1-C04C-457D-9A2E-7995CCF12356}.Release|ARM.Build.0 = Release|ARM
		{ED9A4CA1-C04C-457D-9A2E-7995CCF12356}.Release|x64.ActiveCfg = Release|x64
		{ED9A4CA1-C04C-457D-9A2E-7995CCF12356}.Release|x64.Build.0 = Release|x64
		{ED9A4CA1-C04C-457D-9A2E-7995CCF12356}.Release|x86.ActiveCfg = Release|x86
		{ED9A4CA1-C04C-457D-9A2E-7995CCF12356}.Release|x86.Build.0 = Release|x86
		{E34B516D-C0D8-450F-9DB0-BB6A5B04AEF1}.Debug|Any CPU.ActiveCfg = Debug|Any CPU
		{E34B516D-C0D8-450F-9DB0-BB6A5B04AEF1}.Debug|Any CPU.Build.0 = Debug|Any CPU
		{E34B516D-C0D8-450F-9DB0-BB6A5B04AEF1}.Debug|ARM.ActiveCfg = Debug|ARM
		{E34B516D-C0D8-450F-9DB0-BB6A5B04AEF1}.Debug|ARM.Build.0 = Debug|ARM
		{E34B516D-C0D8-450F-9DB0-BB6A5B04AEF1}.Debug|x64.ActiveCfg = Debug|x64
		{E34B516D-C0D8-450F-9DB0-BB6A5B04AEF1}.Debug|x64.Build.0 = Debug|x64
		{E34B516D-C0D8-450F-9DB0-BB6A5B04AEF1}.Debug|x86.ActiveCfg = Debug|x86
		{E34B516D-C0D8-450F-9DB0-BB6A5B04AEF1}.Debug|x86.Build.0 = Debug|x86
		{E34B516D-C0D8-450F-9DB0-BB6A5B04AEF1}.Release|Any CPU.ActiveCfg = Release|Any CPU
		{E34B516D-C0D8-450F-9DB0-BB6A5B04AEF1}.Release|Any CPU.Build.0 = Release|Any CPU
		{E34B516D-C0D8-450F-9DB0-BB6A5B04AEF1}.Release|ARM.ActiveCfg = Release|ARM
		{E34B516D-C0D8-450F-9DB0-BB6A5B04AEF1}.Release|ARM.Build.0 = Release|ARM
		{E34B516D-C0D8-450F-9DB0-BB6A5B04AEF1}.Release|x64.ActiveCfg = Release|x64
		{E34B516D-C0D8-450F-9DB0-BB6A5B04AEF1}.Release|x64.Build.0 = Release|x64
		{E34B516D-C0D8-450F-9DB0-BB6A5B04AEF1}.Release|x86.ActiveCfg = Release|x86
		{E34B516D-C0D8-450F-9DB0-BB6A5B04AEF1}.Release|x86.Build.0 = Release|x86
		{78D097D1-7582-4490-A305-F7039F4E152D}.Debug|Any CPU.ActiveCfg = Debug|Any CPU
		{78D097D1-7582-4490-A305-F7039F4E152D}.Debug|Any CPU.Build.0 = Debug|Any CPU
		{78D097D1-7582-4490-A305-F7039F4E152D}.Debug|ARM.ActiveCfg = Debug|Any CPU
		{78D097D1-7582-4490-A305-F7039F4E152D}.Debug|ARM.Build.0 = Debug|Any CPU
		{78D097D1-7582-4490-A305-F7039F4E152D}.Debug|x64.ActiveCfg = Debug|Any CPU
		{78D097D1-7582-4490-A305-F7039F4E152D}.Debug|x64.Build.0 = Debug|Any CPU
		{78D097D1-7582-4490-A305-F7039F4E152D}.Debug|x86.ActiveCfg = Debug|Any CPU
		{78D097D1-7582-4490-A305-F7039F4E152D}.Debug|x86.Build.0 = Debug|Any CPU
		{78D097D1-7582-4490-A305-F7039F4E152D}.Release|Any CPU.ActiveCfg = Release|Any CPU
		{78D097D1-7582-4490-A305-F7039F4E152D}.Release|Any CPU.Build.0 = Release|Any CPU
		{78D097D1-7582-4490-A305-F7039F4E152D}.Release|ARM.ActiveCfg = Release|Any CPU
		{78D097D1-7582-4490-A305-F7039F4E152D}.Release|ARM.Build.0 = Release|Any CPU
		{78D097D1-7582-4490-A305-F7039F4E152D}.Release|x64.ActiveCfg = Release|Any CPU
		{78D097D1-7582-4490-A305-F7039F4E152D}.Release|x64.Build.0 = Release|Any CPU
		{78D097D1-7582-4490-A305-F7039F4E152D}.Release|x86.ActiveCfg = Release|Any CPU
		{78D097D1-7582-4490-A305-F7039F4E152D}.Release|x86.Build.0 = Release|Any CPU
		{982B3B78-5336-46F0-97CD-5C641CD31850}.Debug|Any CPU.ActiveCfg = Debug|Any CPU
		{982B3B78-5336-46F0-97CD-5C641CD31850}.Debug|Any CPU.Build.0 = Debug|Any CPU
		{982B3B78-5336-46F0-97CD-5C641CD31850}.Debug|Any CPU.Deploy.0 = Debug|Any CPU
		{982B3B78-5336-46F0-97CD-5C641CD31850}.Debug|ARM.ActiveCfg = Debug|Any CPU
		{982B3B78-5336-46F0-97CD-5C641CD31850}.Debug|ARM.Build.0 = Debug|Any CPU
		{982B3B78-5336-46F0-97CD-5C641CD31850}.Debug|ARM.Deploy.0 = Debug|Any CPU
		{982B3B78-5336-46F0-97CD-5C641CD31850}.Debug|x64.ActiveCfg = Debug|Any CPU
		{982B3B78-5336-46F0-97CD-5C641CD31850}.Debug|x64.Build.0 = Debug|Any CPU
		{982B3B78-5336-46F0-97CD-5C641CD31850}.Debug|x64.Deploy.0 = Debug|Any CPU
		{982B3B78-5336-46F0-97CD-5C641CD31850}.Debug|x86.ActiveCfg = Debug|Any CPU
		{982B3B78-5336-46F0-97CD-5C641CD31850}.Debug|x86.Build.0 = Debug|Any CPU
		{982B3B78-5336-46F0-97CD-5C641CD31850}.Debug|x86.Deploy.0 = Debug|Any CPU
		{982B3B78-5336-46F0-97CD-5C641CD31850}.Release|Any CPU.ActiveCfg = Release|Any CPU
		{982B3B78-5336-46F0-97CD-5C641CD31850}.Release|Any CPU.Build.0 = Release|Any CPU
		{982B3B78-5336-46F0-97CD-5C641CD31850}.Release|Any CPU.Deploy.0 = Release|Any CPU
		{982B3B78-5336-46F0-97CD-5C641CD31850}.Release|ARM.ActiveCfg = Release|Any CPU
		{982B3B78-5336-46F0-97CD-5C641CD31850}.Release|ARM.Build.0 = Release|Any CPU
		{982B3B78-5336-46F0-97CD-5C641CD31850}.Release|ARM.Deploy.0 = Release|Any CPU
		{982B3B78-5336-46F0-97CD-5C641CD31850}.Release|x64.ActiveCfg = Release|Any CPU
		{982B3B78-5336-46F0-97CD-5C641CD31850}.Release|x64.Build.0 = Release|Any CPU
		{982B3B78-5336-46F0-97CD-5C641CD31850}.Release|x64.Deploy.0 = Release|Any CPU
		{982B3B78-5336-46F0-97CD-5C641CD31850}.Release|x86.ActiveCfg = Release|Any CPU
		{982B3B78-5336-46F0-97CD-5C641CD31850}.Release|x86.Build.0 = Release|Any CPU
		{982B3B78-5336-46F0-97CD-5C641CD31850}.Release|x86.Deploy.0 = Release|Any CPU
		{6C40A833-0D86-4D3A-AA46-E1FC021D182F}.Debug|Any CPU.ActiveCfg = Debug|x86
		{6C40A833-0D86-4D3A-AA46-E1FC021D182F}.Debug|ARM.ActiveCfg = Debug|ARM
		{6C40A833-0D86-4D3A-AA46-E1FC021D182F}.Debug|ARM.Build.0 = Debug|ARM
		{6C40A833-0D86-4D3A-AA46-E1FC021D182F}.Debug|ARM.Deploy.0 = Debug|ARM
		{6C40A833-0D86-4D3A-AA46-E1FC021D182F}.Debug|x64.ActiveCfg = Debug|x64
		{6C40A833-0D86-4D3A-AA46-E1FC021D182F}.Debug|x64.Build.0 = Debug|x64
		{6C40A833-0D86-4D3A-AA46-E1FC021D182F}.Debug|x64.Deploy.0 = Debug|x64
		{6C40A833-0D86-4D3A-AA46-E1FC021D182F}.Debug|x86.ActiveCfg = Debug|x86
		{6C40A833-0D86-4D3A-AA46-E1FC021D182F}.Debug|x86.Build.0 = Debug|x86
		{6C40A833-0D86-4D3A-AA46-E1FC021D182F}.Debug|x86.Deploy.0 = Debug|x86
		{6C40A833-0D86-4D3A-AA46-E1FC021D182F}.Release|Any CPU.ActiveCfg = Release|x86
		{6C40A833-0D86-4D3A-AA46-E1FC021D182F}.Release|ARM.ActiveCfg = Release|ARM
		{6C40A833-0D86-4D3A-AA46-E1FC021D182F}.Release|ARM.Build.0 = Release|ARM
		{6C40A833-0D86-4D3A-AA46-E1FC021D182F}.Release|ARM.Deploy.0 = Release|ARM
		{6C40A833-0D86-4D3A-AA46-E1FC021D182F}.Release|x64.ActiveCfg = Release|x64
		{6C40A833-0D86-4D3A-AA46-E1FC021D182F}.Release|x64.Build.0 = Release|x64
		{6C40A833-0D86-4D3A-AA46-E1FC021D182F}.Release|x64.Deploy.0 = Release|x64
		{6C40A833-0D86-4D3A-AA46-E1FC021D182F}.Release|x86.ActiveCfg = Release|x86
		{6C40A833-0D86-4D3A-AA46-E1FC021D182F}.Release|x86.Build.0 = Release|x86
		{6C40A833-0D86-4D3A-AA46-E1FC021D182F}.Release|x86.Deploy.0 = Release|x86
		{1D451BA7-3143-489D-9724-8A296022BEEA}.Debug|Any CPU.ActiveCfg = Debug|Any CPU
		{1D451BA7-3143-489D-9724-8A296022BEEA}.Debug|Any CPU.Build.0 = Debug|Any CPU
		{1D451BA7-3143-489D-9724-8A296022BEEA}.Debug|Any CPU.Deploy.0 = Debug|Any CPU
		{1D451BA7-3143-489D-9724-8A296022BEEA}.Debug|ARM.ActiveCfg = Debug|Any CPU
		{1D451BA7-3143-489D-9724-8A296022BEEA}.Debug|ARM.Build.0 = Debug|Any CPU
		{1D451BA7-3143-489D-9724-8A296022BEEA}.Debug|ARM.Deploy.0 = Debug|Any CPU
		{1D451BA7-3143-489D-9724-8A296022BEEA}.Debug|x64.ActiveCfg = Debug|Any CPU
		{1D451BA7-3143-489D-9724-8A296022BEEA}.Debug|x64.Build.0 = Debug|Any CPU
		{1D451BA7-3143-489D-9724-8A296022BEEA}.Debug|x64.Deploy.0 = Debug|Any CPU
		{1D451BA7-3143-489D-9724-8A296022BEEA}.Debug|x86.ActiveCfg = Debug|Any CPU
		{1D451BA7-3143-489D-9724-8A296022BEEA}.Debug|x86.Build.0 = Debug|Any CPU
		{1D451BA7-3143-489D-9724-8A296022BEEA}.Debug|x86.Deploy.0 = Debug|Any CPU
		{1D451BA7-3143-489D-9724-8A296022BEEA}.Release|Any CPU.ActiveCfg = Release|Any CPU
		{1D451BA7-3143-489D-9724-8A296022BEEA}.Release|Any CPU.Build.0 = Release|Any CPU
		{1D451BA7-3143-489D-9724-8A296022BEEA}.Release|Any CPU.Deploy.0 = Release|Any CPU
		{1D451BA7-3143-489D-9724-8A296022BEEA}.Release|ARM.ActiveCfg = Release|Any CPU
		{1D451BA7-3143-489D-9724-8A296022BEEA}.Release|ARM.Build.0 = Release|Any CPU
		{1D451BA7-3143-489D-9724-8A296022BEEA}.Release|ARM.Deploy.0 = Release|Any CPU
		{1D451BA7-3143-489D-9724-8A296022BEEA}.Release|x64.ActiveCfg = Release|Any CPU
		{1D451BA7-3143-489D-9724-8A296022BEEA}.Release|x64.Build.0 = Release|Any CPU
		{1D451BA7-3143-489D-9724-8A296022BEEA}.Release|x64.Deploy.0 = Release|Any CPU
		{1D451BA7-3143-489D-9724-8A296022BEEA}.Release|x86.ActiveCfg = Release|Any CPU
		{1D451BA7-3143-489D-9724-8A296022BEEA}.Release|x86.Build.0 = Release|Any CPU
		{1D451BA7-3143-489D-9724-8A296022BEEA}.Release|x86.Deploy.0 = Release|Any CPU
		{EAABD6BB-F7C5-49A1-BB4B-E3CA45151A18}.Debug|Any CPU.ActiveCfg = Debug|Any CPU
		{EAABD6BB-F7C5-49A1-BB4B-E3CA45151A18}.Debug|Any CPU.Build.0 = Debug|Any CPU
		{EAABD6BB-F7C5-49A1-BB4B-E3CA45151A18}.Debug|ARM.ActiveCfg = Debug|Any CPU
		{EAABD6BB-F7C5-49A1-BB4B-E3CA45151A18}.Debug|ARM.Build.0 = Debug|Any CPU
		{EAABD6BB-F7C5-49A1-BB4B-E3CA45151A18}.Debug|x64.ActiveCfg = Debug|Any CPU
		{EAABD6BB-F7C5-49A1-BB4B-E3CA45151A18}.Debug|x64.Build.0 = Debug|Any CPU
		{EAABD6BB-F7C5-49A1-BB4B-E3CA45151A18}.Debug|x86.ActiveCfg = Debug|Any CPU
		{EAABD6BB-F7C5-49A1-BB4B-E3CA45151A18}.Debug|x86.Build.0 = Debug|Any CPU
		{EAABD6BB-F7C5-49A1-BB4B-E3CA45151A18}.Release|Any CPU.ActiveCfg = Release|Any CPU
		{EAABD6BB-F7C5-49A1-BB4B-E3CA45151A18}.Release|Any CPU.Build.0 = Release|Any CPU
		{EAABD6BB-F7C5-49A1-BB4B-E3CA45151A18}.Release|ARM.ActiveCfg = Release|Any CPU
		{EAABD6BB-F7C5-49A1-BB4B-E3CA45151A18}.Release|ARM.Build.0 = Release|Any CPU
		{EAABD6BB-F7C5-49A1-BB4B-E3CA45151A18}.Release|x64.ActiveCfg = Release|Any CPU
		{EAABD6BB-F7C5-49A1-BB4B-E3CA45151A18}.Release|x64.Build.0 = Release|Any CPU
		{EAABD6BB-F7C5-49A1-BB4B-E3CA45151A18}.Release|x86.ActiveCfg = Release|Any CPU
		{EAABD6BB-F7C5-49A1-BB4B-E3CA45151A18}.Release|x86.Build.0 = Release|Any CPU
		{2C18EF9D-B613-420F-BBEB-E87CE24FECC1}.Debug|Any CPU.ActiveCfg = Debug|x86
		{2C18EF9D-B613-420F-BBEB-E87CE24FECC1}.Debug|ARM.ActiveCfg = Debug|ARM
		{2C18EF9D-B613-420F-BBEB-E87CE24FECC1}.Debug|ARM.Build.0 = Debug|ARM
		{2C18EF9D-B613-420F-BBEB-E87CE24FECC1}.Debug|ARM.Deploy.0 = Debug|ARM
		{2C18EF9D-B613-420F-BBEB-E87CE24FECC1}.Debug|x64.ActiveCfg = Debug|x64
		{2C18EF9D-B613-420F-BBEB-E87CE24FECC1}.Debug|x64.Build.0 = Debug|x64
		{2C18EF9D-B613-420F-BBEB-E87CE24FECC1}.Debug|x64.Deploy.0 = Debug|x64
		{2C18EF9D-B613-420F-BBEB-E87CE24FECC1}.Debug|x86.ActiveCfg = Debug|x86
		{2C18EF9D-B613-420F-BBEB-E87CE24FECC1}.Debug|x86.Build.0 = Debug|x86
		{2C18EF9D-B613-420F-BBEB-E87CE24FECC1}.Debug|x86.Deploy.0 = Debug|x86
		{2C18EF9D-B613-420F-BBEB-E87CE24FECC1}.Release|Any CPU.ActiveCfg = Release|x86
		{2C18EF9D-B613-420F-BBEB-E87CE24FECC1}.Release|ARM.ActiveCfg = Release|ARM
		{2C18EF9D-B613-420F-BBEB-E87CE24FECC1}.Release|ARM.Build.0 = Release|ARM
		{2C18EF9D-B613-420F-BBEB-E87CE24FECC1}.Release|ARM.Deploy.0 = Release|ARM
		{2C18EF9D-B613-420F-BBEB-E87CE24FECC1}.Release|x64.ActiveCfg = Release|x64
		{2C18EF9D-B613-420F-BBEB-E87CE24FECC1}.Release|x64.Build.0 = Release|x64
		{2C18EF9D-B613-420F-BBEB-E87CE24FECC1}.Release|x64.Deploy.0 = Release|x64
		{2C18EF9D-B613-420F-BBEB-E87CE24FECC1}.Release|x86.ActiveCfg = Release|x86
		{2C18EF9D-B613-420F-BBEB-E87CE24FECC1}.Release|x86.Build.0 = Release|x86
		{2C18EF9D-B613-420F-BBEB-E87CE24FECC1}.Release|x86.Deploy.0 = Release|x86
		{8F67F01F-02A8-41A9-BF57-F2A31A4A5CDD}.Debug|Any CPU.ActiveCfg = Debug|Any CPU
		{8F67F01F-02A8-41A9-BF57-F2A31A4A5CDD}.Debug|Any CPU.Build.0 = Debug|Any CPU
		{8F67F01F-02A8-41A9-BF57-F2A31A4A5CDD}.Debug|Any CPU.Deploy.0 = Debug|Any CPU
		{8F67F01F-02A8-41A9-BF57-F2A31A4A5CDD}.Debug|ARM.ActiveCfg = Debug|ARM
		{8F67F01F-02A8-41A9-BF57-F2A31A4A5CDD}.Debug|ARM.Build.0 = Debug|ARM
		{8F67F01F-02A8-41A9-BF57-F2A31A4A5CDD}.Debug|ARM.Deploy.0 = Debug|ARM
		{8F67F01F-02A8-41A9-BF57-F2A31A4A5CDD}.Debug|x64.ActiveCfg = Debug|Any CPU
		{8F67F01F-02A8-41A9-BF57-F2A31A4A5CDD}.Debug|x64.Build.0 = Debug|Any CPU
		{8F67F01F-02A8-41A9-BF57-F2A31A4A5CDD}.Debug|x64.Deploy.0 = Debug|Any CPU
		{8F67F01F-02A8-41A9-BF57-F2A31A4A5CDD}.Debug|x86.ActiveCfg = Debug|x86
		{8F67F01F-02A8-41A9-BF57-F2A31A4A5CDD}.Debug|x86.Build.0 = Debug|x86
		{8F67F01F-02A8-41A9-BF57-F2A31A4A5CDD}.Debug|x86.Deploy.0 = Debug|x86
		{8F67F01F-02A8-41A9-BF57-F2A31A4A5CDD}.Release|Any CPU.ActiveCfg = Release|Any CPU
		{8F67F01F-02A8-41A9-BF57-F2A31A4A5CDD}.Release|Any CPU.Build.0 = Release|Any CPU
		{8F67F01F-02A8-41A9-BF57-F2A31A4A5CDD}.Release|Any CPU.Deploy.0 = Release|Any CPU
		{8F67F01F-02A8-41A9-BF57-F2A31A4A5CDD}.Release|ARM.ActiveCfg = Release|ARM
		{8F67F01F-02A8-41A9-BF57-F2A31A4A5CDD}.Release|ARM.Build.0 = Release|ARM
		{8F67F01F-02A8-41A9-BF57-F2A31A4A5CDD}.Release|ARM.Deploy.0 = Release|ARM
		{8F67F01F-02A8-41A9-BF57-F2A31A4A5CDD}.Release|x64.ActiveCfg = Release|Any CPU
		{8F67F01F-02A8-41A9-BF57-F2A31A4A5CDD}.Release|x64.Build.0 = Release|Any CPU
		{8F67F01F-02A8-41A9-BF57-F2A31A4A5CDD}.Release|x64.Deploy.0 = Release|Any CPU
		{8F67F01F-02A8-41A9-BF57-F2A31A4A5CDD}.Release|x86.ActiveCfg = Release|x86
		{8F67F01F-02A8-41A9-BF57-F2A31A4A5CDD}.Release|x86.Build.0 = Release|x86
		{8F67F01F-02A8-41A9-BF57-F2A31A4A5CDD}.Release|x86.Deploy.0 = Release|x86
		{1FF51B0C-8FAB-4D71-9271-AF60DA652936}.Debug|Any CPU.ActiveCfg = Debug|x86
		{1FF51B0C-8FAB-4D71-9271-AF60DA652936}.Debug|ARM.ActiveCfg = Debug|ARM
		{1FF51B0C-8FAB-4D71-9271-AF60DA652936}.Debug|ARM.Build.0 = Debug|ARM
		{1FF51B0C-8FAB-4D71-9271-AF60DA652936}.Debug|ARM.Deploy.0 = Debug|ARM
		{1FF51B0C-8FAB-4D71-9271-AF60DA652936}.Debug|x64.ActiveCfg = Debug|x86
		{1FF51B0C-8FAB-4D71-9271-AF60DA652936}.Debug|x86.ActiveCfg = Debug|x86
		{1FF51B0C-8FAB-4D71-9271-AF60DA652936}.Debug|x86.Build.0 = Debug|x86
		{1FF51B0C-8FAB-4D71-9271-AF60DA652936}.Debug|x86.Deploy.0 = Debug|x86
		{1FF51B0C-8FAB-4D71-9271-AF60DA652936}.Release|Any CPU.ActiveCfg = Release|x86
		{1FF51B0C-8FAB-4D71-9271-AF60DA652936}.Release|ARM.ActiveCfg = Release|ARM
		{1FF51B0C-8FAB-4D71-9271-AF60DA652936}.Release|ARM.Build.0 = Release|ARM
		{1FF51B0C-8FAB-4D71-9271-AF60DA652936}.Release|ARM.Deploy.0 = Release|ARM
		{1FF51B0C-8FAB-4D71-9271-AF60DA652936}.Release|x64.ActiveCfg = Release|x86
		{1FF51B0C-8FAB-4D71-9271-AF60DA652936}.Release|x86.ActiveCfg = Release|x86
		{1FF51B0C-8FAB-4D71-9271-AF60DA652936}.Release|x86.Build.0 = Release|x86
		{1FF51B0C-8FAB-4D71-9271-AF60DA652936}.Release|x86.Deploy.0 = Release|x86
		{2172A35E-5B69-47C5-8783-3EF6EF0E26A0}.Debug|Any CPU.ActiveCfg = Debug|Any CPU
		{2172A35E-5B69-47C5-8783-3EF6EF0E26A0}.Debug|Any CPU.Build.0 = Debug|Any CPU
		{2172A35E-5B69-47C5-8783-3EF6EF0E26A0}.Debug|Any CPU.Deploy.0 = Debug|Any CPU
		{2172A35E-5B69-47C5-8783-3EF6EF0E26A0}.Debug|ARM.ActiveCfg = Debug|ARM
		{2172A35E-5B69-47C5-8783-3EF6EF0E26A0}.Debug|ARM.Build.0 = Debug|ARM
		{2172A35E-5B69-47C5-8783-3EF6EF0E26A0}.Debug|ARM.Deploy.0 = Debug|ARM
		{2172A35E-5B69-47C5-8783-3EF6EF0E26A0}.Debug|x64.ActiveCfg = Debug|Any CPU
		{2172A35E-5B69-47C5-8783-3EF6EF0E26A0}.Debug|x64.Build.0 = Debug|Any CPU
		{2172A35E-5B69-47C5-8783-3EF6EF0E26A0}.Debug|x64.Deploy.0 = Debug|Any CPU
		{2172A35E-5B69-47C5-8783-3EF6EF0E26A0}.Debug|x86.ActiveCfg = Debug|x86
		{2172A35E-5B69-47C5-8783-3EF6EF0E26A0}.Debug|x86.Build.0 = Debug|x86
		{2172A35E-5B69-47C5-8783-3EF6EF0E26A0}.Debug|x86.Deploy.0 = Debug|x86
		{2172A35E-5B69-47C5-8783-3EF6EF0E26A0}.Release|Any CPU.ActiveCfg = Release|Any CPU
		{2172A35E-5B69-47C5-8783-3EF6EF0E26A0}.Release|Any CPU.Build.0 = Release|Any CPU
		{2172A35E-5B69-47C5-8783-3EF6EF0E26A0}.Release|Any CPU.Deploy.0 = Release|Any CPU
		{2172A35E-5B69-47C5-8783-3EF6EF0E26A0}.Release|ARM.ActiveCfg = Release|ARM
		{2172A35E-5B69-47C5-8783-3EF6EF0E26A0}.Release|ARM.Build.0 = Release|ARM
		{2172A35E-5B69-47C5-8783-3EF6EF0E26A0}.Release|ARM.Deploy.0 = Release|ARM
		{2172A35E-5B69-47C5-8783-3EF6EF0E26A0}.Release|x64.ActiveCfg = Release|Any CPU
		{2172A35E-5B69-47C5-8783-3EF6EF0E26A0}.Release|x64.Build.0 = Release|Any CPU
		{2172A35E-5B69-47C5-8783-3EF6EF0E26A0}.Release|x64.Deploy.0 = Release|Any CPU
		{2172A35E-5B69-47C5-8783-3EF6EF0E26A0}.Release|x86.ActiveCfg = Release|x86
		{2172A35E-5B69-47C5-8783-3EF6EF0E26A0}.Release|x86.Build.0 = Release|x86
		{2172A35E-5B69-47C5-8783-3EF6EF0E26A0}.Release|x86.Deploy.0 = Release|x86
		{ABA18EA6-7418-4FAC-9DE6-B3DBCCABC6EF}.Debug|Any CPU.ActiveCfg = Debug|x86
		{ABA18EA6-7418-4FAC-9DE6-B3DBCCABC6EF}.Debug|ARM.ActiveCfg = Debug|ARM
		{ABA18EA6-7418-4FAC-9DE6-B3DBCCABC6EF}.Debug|ARM.Build.0 = Debug|ARM
		{ABA18EA6-7418-4FAC-9DE6-B3DBCCABC6EF}.Debug|ARM.Deploy.0 = Debug|ARM
		{ABA18EA6-7418-4FAC-9DE6-B3DBCCABC6EF}.Debug|x64.ActiveCfg = Debug|x86
		{ABA18EA6-7418-4FAC-9DE6-B3DBCCABC6EF}.Debug|x86.ActiveCfg = Debug|x86
		{ABA18EA6-7418-4FAC-9DE6-B3DBCCABC6EF}.Debug|x86.Build.0 = Debug|x86
		{ABA18EA6-7418-4FAC-9DE6-B3DBCCABC6EF}.Debug|x86.Deploy.0 = Debug|x86
		{ABA18EA6-7418-4FAC-9DE6-B3DBCCABC6EF}.Release|Any CPU.ActiveCfg = Release|x86
		{ABA18EA6-7418-4FAC-9DE6-B3DBCCABC6EF}.Release|ARM.ActiveCfg = Release|ARM
		{ABA18EA6-7418-4FAC-9DE6-B3DBCCABC6EF}.Release|ARM.Build.0 = Release|ARM
		{ABA18EA6-7418-4FAC-9DE6-B3DBCCABC6EF}.Release|ARM.Deploy.0 = Release|ARM
		{ABA18EA6-7418-4FAC-9DE6-B3DBCCABC6EF}.Release|x64.ActiveCfg = Release|x86
		{ABA18EA6-7418-4FAC-9DE6-B3DBCCABC6EF}.Release|x86.ActiveCfg = Release|x86
		{ABA18EA6-7418-4FAC-9DE6-B3DBCCABC6EF}.Release|x86.Build.0 = Release|x86
		{ABA18EA6-7418-4FAC-9DE6-B3DBCCABC6EF}.Release|x86.Deploy.0 = Release|x86
	EndGlobalSection
	GlobalSection(SolutionProperties) = preSolution
		HideSolutionNode = FALSE
	EndGlobalSection
EndGlobal
